
Microsoft Visual Studio Solution File, Format Version 12.00
# Visual Studio 15
VisualStudioVersion = 15.0.28307.757
MinimumVisualStudioVersion = 10.0.40219.1
Project("{FAE04EC0-301F-11D3-BF4B-00C04F79EFBC}") = "MarkerClustering", "MarkerClustering\MarkerClustering.csproj", "{09C01101-35F9-483B-8427-11834411BD55}"
EndProject
Global
	GlobalSection(SolutionConfigurationPlatforms) = preSolution
		Debug|Any CPU = Debug|Any CPU
		Release|Any CPU = Release|Any CPU
	EndGlobalSection
	GlobalSection(ProjectConfigurationPlatforms) = postSolution
		{09C01101-35F9-483B-8427-11834411BD55}.Debug|Any CPU.ActiveCfg = Debug|Any CPU
		{09C01101-35F9-483B-8427-11834411BD55}.Debug|Any CPU.Build.0 = Debug|Any CPU
		{09C01101-35F9-483B-8427-11834411BD55}.Release|Any CPU.ActiveCfg = Release|Any CPU
		{09C01101-35F9-483B-8427-11834411BD55}.Release|Any CPU.Build.0 = Release|Any CPU
	EndGlobalSection
	GlobalSection(SolutionProperties) = preSolution
		HideSolutionNode = FALSE
	EndGlobalSection
	GlobalSection(ExtensibilityGlobals) = postSolution
		SolutionGuid = {68D01130-781A-4DC3-84DE-91886646DDFC}
	EndGlobalSection
EndGlobal
